
Microsoft Visual Studio Solution File, Format Version 12.00
# Visual Studio Version 17
VisualStudioVersion = 17.14.37216.2 d17.14
MinimumVisualStudioVersion = 10.0.40219.1
Project("{FAE04EC0-301F-11D3-BF4B-00C04F79EFBC}") = "EchoHello", "EchoHello\EchoHello.csproj", "{4ECA059E-C8FD-464F-B0C8-36A41635183A}"
EndProject
Project("{FAE04EC0-301F-11D3-BF4B-00C04F79EFBC}") = "BooksApi", "BooksApi\BooksApi.csproj", "{9E524989-C490-4EF9-9921-B0E4AAE4E6A5}"
EndProject
Global
	GlobalSection(SolutionConfigurationPlatforms) = preSolution
		Debug|Any CPU = Debug|Any CPU
		Release|Any CPU = Release|Any CPU
	EndGlobalSection
	GlobalSection(ProjectConfigurationPlatforms) = postSolution
		{4ECA059E-C8FD-464F-B0C8-36A41635183A}.Debug|Any CPU.ActiveCfg = Debug|Any CPU
		{4ECA059E-C8FD-464F-B0C8-36A41635183A}.Debug|Any CPU.Build.0 = Debug|Any CPU
		{4ECA059E-C8FD-464F-B0C8-36A41635183A}.Release|Any CPU.ActiveCfg = Release|Any CPU
		{4ECA059E-C8FD-464F-B0C8-36A41635183A}.Release|Any CPU.Build.0 = Release|Any CPU
		{9E524989-C490-4EF9-9921-B0E4AAE4E6A5}.Debug|Any CPU.ActiveCfg = Debug|Any CPU
		{9E524989-C490-4EF9-9921-B0E4AAE4E6A5}.Debug|Any CPU.Build.0 = Debug|Any CPU
		{9E524989-C490-4EF9-9921-B0E4AAE4E6A5}.Release|Any CPU.ActiveCfg = Release|Any CPU
		{9E524989-C490-4EF9-9921-B0E4AAE4E6A5}.Release|Any CPU.Build.0 = Release|Any CPU
	EndGlobalSection
	GlobalSection(SolutionProperties) = preSolution
		HideSolutionNode = FALSE
	EndGlobalSection
	GlobalSection(ExtensibilityGlobals) = postSolution
		SolutionGuid = {7DD3F4BA-003B-4A88-BE41-5EEF1DDDAA35}
	EndGlobalSection
EndGlobal
